// !$*UTF8*$!
{
	archiveVersion = 1;
	classes = {
	};
	objectVersion = 46;
	objects = {

/* Begin PBXBuildFile section */
		043231621443480E007968AF /* Card.m in Sources */ = {isa = PBXBuildFile; fileRef = 043231611443480E007968AF /* Card.m */; };
		0484CF7114A24BBA00C90495 /* Dice_1.png in Resources */ = {isa = PBXBuildFile; fileRef = 0484CF7014A24BBA00C90495 /* Dice_1.png */; };
		0484CF7414A25DCA00C90495 /* dice_1-64.png in Resources */ = {isa = PBXBuildFile; fileRef = 0484CF7314A25DCA00C90495 /* dice_1-64.png */; };
		0484CF8114A3646D00C90495 /* tile_floor.png in Resources */ = {isa = PBXBuildFile; fileRef = 0484CF8014A3646C00C90495 /* tile_floor.png */; };
		0484CF8814B3085500C90495 /* OpenGLView.m in Sources */ = {isa = PBXBuildFile; fileRef = 0484CF8714B3085400C90495 /* OpenGLView.m */; };
		0484CF8B14B3086A00C90495 /* SimpleFragment.glsl in Resources */ = {isa = PBXBuildFile; fileRef = 0484CF8914B3086A00C90495 /* SimpleFragment.glsl */; };
		0484CF8C14B3086A00C90495 /* SimpleVertex.glsl in Resources */ = {isa = PBXBuildFile; fileRef = 0484CF8A14B3086A00C90495 /* SimpleVertex.glsl */; };
		0484CF9914B3095600C90495 /* CC3Foundation.m in Sources */ = {isa = PBXBuildFile; fileRef = 0484CF9014B3095600C90495 /* CC3Foundation.m */; };
		0484CF9A14B3095600C90495 /* CC3GLMatrix.m in Sources */ = {isa = PBXBuildFile; fileRef = 0484CF9214B3095600C90495 /* CC3GLMatrix.m */; };
		0484CF9B14B3095600C90495 /* CC3Kazmath.c in Sources */ = {isa = PBXBuildFile; fileRef = 0484CF9314B3095600C90495 /* CC3Kazmath.c */; };
		0484CF9C14B3095600C90495 /* CC3Math.m in Sources */ = {isa = PBXBuildFile; fileRef = 0484CF9714B3095600C90495 /* CC3Math.m */; };
		04906AA71487E6B5000D51BE /* Background.png in Resources */ = {isa = PBXBuildFile; fileRef = 04906AA61487E6B5000D51BE /* Background.png */; };
		04906AAA1487EB1D000D51BE /* Field.png in Resources */ = {isa = PBXBuildFile; fileRef = 04906AA91487EB1D000D51BE /* Field.png */; };
		04906AB01487F332000D51BE /* Btn20Back.png in Resources */ = {isa = PBXBuildFile; fileRef = 04906AAF1487F332000D51BE /* Btn20Back.png */; };
		04906AB31487F51F000D51BE /* Btn-20.png in Resources */ = {isa = PBXBuildFile; fileRef = 04906AB11487F51F000D51BE /* Btn-20.png */; };
		04906AB41487F51F000D51BE /* Btn+20.png in Resources */ = {isa = PBXBuildFile; fileRef = 04906AB21487F51F000D51BE /* Btn+20.png */; };
		04906AB6148BB2C0000D51BE /* MarbleBlue.png in Resources */ = {isa = PBXBuildFile; fileRef = 04906AB5148BB2C0000D51BE /* MarbleBlue.png */; };
		04906AB9148BBA73000D51BE /* ContentView.m in Sources */ = {isa = PBXBuildFile; fileRef = 04906AB8148BBA73000D51BE /* ContentView.m */; };
		04906ACB148CBB3E000D51BE /* Poison_0.png in Resources */ = {isa = PBXBuildFile; fileRef = 04906ABB148CBB3E000D51BE /* Poison_0.png */; };
		04906ACC148CBB3E000D51BE /* Poison_1.png in Resources */ = {isa = PBXBuildFile; fileRef = 04906ABC148CBB3E000D51BE /* Poison_1.png */; };
		04906ACD148CBB3E000D51BE /* Poison_2.png in Resources */ = {isa = PBXBuildFile; fileRef = 04906ABD148CBB3E000D51BE /* Poison_2.png */; };
		04906ACE148CBB3E000D51BE /* Poison_3.png in Resources */ = {isa = PBXBuildFile; fileRef = 04906ABE148CBB3E000D51BE /* Poison_3.png */; };
		04906ACF148CBB3E000D51BE /* Poison_4.png in Resources */ = {isa = PBXBuildFile; fileRef = 04906ABF148CBB3E000D51BE /* Poison_4.png */; };
		04906AD0148CBB3E000D51BE /* Poison_5.png in Resources */ = {isa = PBXBuildFile; fileRef = 04906AC0148CBB3E000D51BE /* Poison_5.png */; };
		04906AD1148CBB3E000D51BE /* Poison_6.png in Resources */ = {isa = PBXBuildFile; fileRef = 04906AC1148CBB3E000D51BE /* Poison_6.png */; };
		04906AD2148CBB3E000D51BE /* Poison_7.png in Resources */ = {isa = PBXBuildFile; fileRef = 04906AC2148CBB3E000D51BE /* Poison_7.png */; };
		04906AD3148CBB3E000D51BE /* Poison_8.png in Resources */ = {isa = PBXBuildFile; fileRef = 04906AC3148CBB3E000D51BE /* Poison_8.png */; };
		04906AD4148CBB3E000D51BE /* Poison_9.png in Resources */ = {isa = PBXBuildFile; fileRef = 04906AC4148CBB3E000D51BE /* Poison_9.png */; };
		04906AD5148CBB3E000D51BE /* Poison_10.png in Resources */ = {isa = PBXBuildFile; fileRef = 04906AC5148CBB3E000D51BE /* Poison_10.png */; };
		04906AD6148CBB3E000D51BE /* PoisonBtn-.png in Resources */ = {isa = PBXBuildFile; fileRef = 04906AC6148CBB3E000D51BE /* PoisonBtn-.png */; };
		04906AD7148CBB3E000D51BE /* PoisonBtn-A.png in Resources */ = {isa = PBXBuildFile; fileRef = 04906AC7148CBB3E000D51BE /* PoisonBtn-A.png */; };
		04906AD8148CBB3E000D51BE /* PoisonBtn+.png in Resources */ = {isa = PBXBuildFile; fileRef = 04906AC8148CBB3E000D51BE /* PoisonBtn+.png */; };
		04906AD9148CBB3E000D51BE /* PoisonBtn+A.png in Resources */ = {isa = PBXBuildFile; fileRef = 04906AC9148CBB3E000D51BE /* PoisonBtn+A.png */; };
		04906ADA148CBB3E000D51BE /* PoisonBtnsBack.png in Resources */ = {isa = PBXBuildFile; fileRef = 04906ACA148CBB3E000D51BE /* PoisonBtnsBack.png */; };
		04906ADC148D2DFB000D51BE /* GaramondPremrPro-Smbd.otf in Resources */ = {isa = PBXBuildFile; fileRef = 04906ADB148D2DFB000D51BE /* GaramondPremrPro-Smbd.otf */; };
		04B24A93143C8DA400549F8C /* UIKit.framework in Frameworks */ = {isa = PBXBuildFile; fileRef = 04B24A92143C8DA400549F8C /* UIKit.framework */; };
		04B24A95143C8DA400549F8C /* Foundation.framework in Frameworks */ = {isa = PBXBuildFile; fileRef = 04B24A94143C8DA400549F8C /* Foundation.framework */; };
		04B24A99143C8DA400549F8C /* GLKit.framework in Frameworks */ = {isa = PBXBuildFile; fileRef = 04B24A98143C8DA400549F8C /* GLKit.framework */; };
		04B24A9B143C8DA400549F8C /* OpenGLES.framework in Frameworks */ = {isa = PBXBuildFile; fileRef = 04B24A9A143C8DA400549F8C /* OpenGLES.framework */; };
		04B24AA1143C8DA400549F8C /* InfoPlist.strings in Resources */ = {isa = PBXBuildFile; fileRef = 04B24A9F143C8DA400549F8C /* InfoPlist.strings */; };
		04B24AA3143C8DA400549F8C /* main.m in Sources */ = {isa = PBXBuildFile; fileRef = 04B24AA2143C8DA400549F8C /* main.m */; };
		04B24AA7143C8DA400549F8C /* AppDelegate.m in Sources */ = {isa = PBXBuildFile; fileRef = 04B24AA6143C8DA400549F8C /* AppDelegate.m */; };
		04B24AAF143C8DA400549F8C /* Shader.fsh in Resources */ = {isa = PBXBuildFile; fileRef = 04B24AAE143C8DA400549F8C /* Shader.fsh */; };
		04B24AB1143C8DA400549F8C /* Shader.vsh in Resources */ = {isa = PBXBuildFile; fileRef = 04B24AB0143C8DA400549F8C /* Shader.vsh */; };
		04B24AB4143C8DA400549F8C /* ViewController.m in Sources */ = {isa = PBXBuildFile; fileRef = 04B24AB3143C8DA400549F8C /* ViewController.m */; };
		04B24ABC143C8DA400549F8C /* SenTestingKit.framework in Frameworks */ = {isa = PBXBuildFile; fileRef = 04B24ABB143C8DA400549F8C /* SenTestingKit.framework */; };
		04B24ABD143C8DA400549F8C /* UIKit.framework in Frameworks */ = {isa = PBXBuildFile; fileRef = 04B24A92143C8DA400549F8C /* UIKit.framework */; };
		04B24ABE143C8DA400549F8C /* Foundation.framework in Frameworks */ = {isa = PBXBuildFile; fileRef = 04B24A94143C8DA400549F8C /* Foundation.framework */; };
		04B24AC6143C8DA400549F8C /* InfoPlist.strings in Resources */ = {isa = PBXBuildFile; fileRef = 04B24AC4143C8DA400549F8C /* InfoPlist.strings */; };
		04B24AC9143C8DA400549F8C /* MTG_LifeCounterTests.m in Sources */ = {isa = PBXBuildFile; fileRef = 04B24AC8143C8DA400549F8C /* MTG_LifeCounterTests.m */; };
		04B83BD0148E0C2800F0843E /* Bubble.png in Resources */ = {isa = PBXBuildFile; fileRef = 04B83BCF148E0C2800F0843E /* Bubble.png */; };
		04BE2B26148E47B600A7469B /* QuartzCore.framework in Frameworks */ = {isa = PBXBuildFile; fileRef = 04BE2B25148E47B600A7469B /* QuartzCore.framework */; };
		04BE2B28148E496A00A7469B /* CoreGraphics.framework in Frameworks */ = {isa = PBXBuildFile; fileRef = 04BE2B27148E496A00A7469B /* CoreGraphics.framework */; settings = {ATTRIBUTES = (Required, ); }; };
		04BE2B2F148E527000A7469B /* ThrowDiceEngine.m in Sources */ = {isa = PBXBuildFile; fileRef = 04BE2B2E148E527000A7469B /* ThrowDiceEngine.m */; };
/* End PBXBuildFile section */

/* Begin PBXContainerItemProxy section */
		04B24ABF143C8DA400549F8C /* PBXContainerItemProxy */ = {
			isa = PBXContainerItemProxy;
			containerPortal = 04B24A85143C8DA300549F8C /* Project object */;
			proxyType = 1;
			remoteGlobalIDString = 04B24A8D143C8DA400549F8C;
			remoteInfo = "MTG LifeCounter";
		};
/* End PBXContainerItemProxy section */

/* Begin PBXFileReference section */
		043231601443480E007968AF /* Card.h */ = {isa = PBXFileReference; fileEncoding = 4; lastKnownFileType = sourcecode.c.h; path = Card.h; sourceTree = "<group>"; };
		043231611443480E007968AF /* Card.m */ = {isa = PBXFileReference; fileEncoding = 4; lastKnownFileType = sourcecode.c.objc; path = Card.m; sourceTree = "<group>"; };
		0484CF7014A24BBA00C90495 /* Dice_1.png */ = {isa = PBXFileReference; lastKnownFileType = image.png; name = Dice_1.png; path = Resources/img/Dice_1.png; sourceTree = "<group>"; };
		0484CF7314A25DCA00C90495 /* dice_1-64.png */ = {isa = PBXFileReference; lastKnownFileType = image.png; name = "dice_1-64.png"; path = "Resources/img/dice_1-64.png"; sourceTree = "<group>"; };
		0484CF8014A3646C00C90495 /* tile_floor.png */ = {isa = PBXFileReference; lastKnownFileType = image.png; name = tile_floor.png; path = Resources/img/tile_floor.png; sourceTree = "<group>"; };
		0484CF8614B3085400C90495 /* OpenGLView.h */ = {isa = PBXFileReference; fileEncoding = 4; lastKnownFileType = sourcecode.c.h; path = OpenGLView.h; sourceTree = "<group>"; };
		0484CF8714B3085400C90495 /* OpenGLView.m */ = {isa = PBXFileReference; fileEncoding = 4; lastKnownFileType = sourcecode.c.objc; path = OpenGLView.m; sourceTree = "<group>"; };
		0484CF8914B3086A00C90495 /* SimpleFragment.glsl */ = {isa = PBXFileReference; fileEncoding = 4; lastKnownFileType = text; name = SimpleFragment.glsl; path = "MTG LifeCounter/Shaders/SimpleFragment.glsl"; sourceTree = "<group>"; };
		0484CF8A14B3086A00C90495 /* SimpleVertex.glsl */ = {isa = PBXFileReference; fileEncoding = 4; lastKnownFileType = text; name = SimpleVertex.glsl; path = "MTG LifeCounter/Shaders/SimpleVertex.glsl"; sourceTree = "<group>"; };
		0484CF8F14B3095600C90495 /* CC3Foundation.h */ = {isa = PBXFileReference; fileEncoding = 4; lastKnownFileType = sourcecode.c.h; path = CC3Foundation.h; sourceTree = "<group>"; };
		0484CF9014B3095600C90495 /* CC3Foundation.m */ = {isa = PBXFileReference; fileEncoding = 4; lastKnownFileType = sourcecode.c.objc; path = CC3Foundation.m; sourceTree = "<group>"; };
		0484CF9114B3095600C90495 /* CC3GLMatrix.h */ = {isa = PBXFileReference; fileEncoding = 4; lastKnownFileType = sourcecode.c.h; path = CC3GLMatrix.h; sourceTree = "<group>"; };
		0484CF9214B3095600C90495 /* CC3GLMatrix.m */ = {isa = PBXFileReference; fileEncoding = 4; lastKnownFileType = sourcecode.c.objc; path = CC3GLMatrix.m; sourceTree = "<group>"; };
		0484CF9314B3095600C90495 /* CC3Kazmath.c */ = {isa = PBXFileReference; fileEncoding = 4; lastKnownFileType = sourcecode.c.c; path = CC3Kazmath.c; sourceTree = "<group>"; };
		0484CF9414B3095600C90495 /* CC3Kazmath.h */ = {isa = PBXFileReference; fileEncoding = 4; lastKnownFileType = sourcecode.c.h; path = CC3Kazmath.h; sourceTree = "<group>"; };
		0484CF9514B3095600C90495 /* CC3Logging.h */ = {isa = PBXFileReference; fileEncoding = 4; lastKnownFileType = sourcecode.c.h; path = CC3Logging.h; sourceTree = "<group>"; };
		0484CF9614B3095600C90495 /* CC3Math.h */ = {isa = PBXFileReference; fileEncoding = 4; lastKnownFileType = sourcecode.c.h; path = CC3Math.h; sourceTree = "<group>"; };
		0484CF9714B3095600C90495 /* CC3Math.m */ = {isa = PBXFileReference; fileEncoding = 4; lastKnownFileType = sourcecode.c.objc; path = CC3Math.m; sourceTree = "<group>"; };
		0484CF9814B3095600C90495 /* ccTypes.h */ = {isa = PBXFileReference; fileEncoding = 4; lastKnownFileType = sourcecode.c.h; path = ccTypes.h; sourceTree = "<group>"; };
		04906AA61487E6B5000D51BE /* Background.png */ = {isa = PBXFileReference; lastKnownFileType = image.png; name = Background.png; path = Resources/img/Background.png; sourceTree = "<group>"; };
		04906AA91487EB1D000D51BE /* Field.png */ = {isa = PBXFileReference; lastKnownFileType = image.png; name = Field.png; path = Resources/img/Field.png; sourceTree = "<group>"; };
		04906AAF1487F332000D51BE /* Btn20Back.png */ = {isa = PBXFileReference; lastKnownFileType = image.png; name = Btn20Back.png; path = Resources/img/Btn20Back.png; sourceTree = "<group>"; };
		04906AB11487F51F000D51BE /* Btn-20.png */ = {isa = PBXFileReference; lastKnownFileType = image.png; name = "Btn-20.png"; path = "Resources/img/Btn-20.png"; sourceTree = "<group>"; };
		04906AB21487F51F000D51BE /* Btn+20.png */ = {isa = PBXFileReference; lastKnownFileType = image.png; name = "Btn+20.png"; path = "Resources/img/Btn+20.png"; sourceTree = "<group>"; };
		04906AB5148BB2C0000D51BE /* MarbleBlue.png */ = {isa = PBXFileReference; lastKnownFileType = image.png; name = MarbleBlue.png; path = Resources/img/MarbleBlue.png; sourceTree = "<group>"; };
		04906AB7148BBA73000D51BE /* ContentView.h */ = {isa = PBXFileReference; fileEncoding = 4; lastKnownFileType = sourcecode.c.h; path = ContentView.h; sourceTree = "<group>"; };
		04906AB8148BBA73000D51BE /* ContentView.m */ = {isa = PBXFileReference; fileEncoding = 4; lastKnownFileType = sourcecode.c.objc; path = ContentView.m; sourceTree = "<group>"; };
		04906ABB148CBB3E000D51BE /* Poison_0.png */ = {isa = PBXFileReference; lastKnownFileType = image.png; name = Poison_0.png; path = Resources/img/Poison_0.png; sourceTree = "<group>"; };
		04906ABC148CBB3E000D51BE /* Poison_1.png */ = {isa = PBXFileReference; lastKnownFileType = image.png; name = Poison_1.png; path = Resources/img/Poison_1.png; sourceTree = "<group>"; };
		04906ABD148CBB3E000D51BE /* Poison_2.png */ = {isa = PBXFileReference; lastKnownFileType = image.png; name = Poison_2.png; path = Resources/img/Poison_2.png; sourceTree = "<group>"; };
		04906ABE148CBB3E000D51BE /* Poison_3.png */ = {isa = PBXFileReference; lastKnownFileType = image.png; name = Poison_3.png; path = Resources/img/Poison_3.png; sourceTree = "<group>"; };
		04906ABF148CBB3E000D51BE /* Poison_4.png */ = {isa = PBXFileReference; lastKnownFileType = image.png; name = Poison_4.png; path = Resources/img/Poison_4.png; sourceTree = "<group>"; };
		04906AC0148CBB3E000D51BE /* Poison_5.png */ = {isa = PBXFileReference; lastKnownFileType = image.png; name = Poison_5.png; path = Resources/img/Poison_5.png; sourceTree = "<group>"; };
		04906AC1148CBB3E000D51BE /* Poison_6.png */ = {isa = PBXFileReference; lastKnownFileType = image.png; name = Poison_6.png; path = Resources/img/Poison_6.png; sourceTree = "<group>"; };
		04906AC2148CBB3E000D51BE /* Poison_7.png */ = {isa = PBXFileReference; lastKnownFileType = image.png; name = Poison_7.png; path = Resources/img/Poison_7.png; sourceTree = "<group>"; };
		04906AC3148CBB3E000D51BE /* Poison_8.png */ = {isa = PBXFileReference; lastKnownFileType = image.png; name = Poison_8.png; path = Resources/img/Poison_8.png; sourceTree = "<group>"; };
		04906AC4148CBB3E000D51BE /* Poison_9.png */ = {isa = PBXFileReference; lastKnownFileType = image.png; name = Poison_9.png; path = Resources/img/Poison_9.png; sourceTree = "<group>"; };
		04906AC5148CBB3E000D51BE /* Poison_10.png */ = {isa = PBXFileReference; lastKnownFileType = image.png; name = Poison_10.png; path = Resources/img/Poison_10.png; sourceTree = "<group>"; };
		04906AC6148CBB3E000D51BE /* PoisonBtn-.png */ = {isa = PBXFileReference; lastKnownFileType = image.png; name = "PoisonBtn-.png"; path = "Resources/img/PoisonBtn-.png"; sourceTree = "<group>"; };
		04906AC7148CBB3E000D51BE /* PoisonBtn-A.png */ = {isa = PBXFileReference; lastKnownFileType = image.png; name = "PoisonBtn-A.png"; path = "Resources/img/PoisonBtn-A.png"; sourceTree = "<group>"; };
		04906AC8148CBB3E000D51BE /* PoisonBtn+.png */ = {isa = PBXFileReference; lastKnownFileType = image.png; name = "PoisonBtn+.png"; path = "Resources/img/PoisonBtn+.png"; sourceTree = "<group>"; };
		04906AC9148CBB3E000D51BE /* PoisonBtn+A.png */ = {isa = PBXFileReference; lastKnownFileType = image.png; name = "PoisonBtn+A.png"; path = "Resources/img/PoisonBtn+A.png"; sourceTree = "<group>"; };
		04906ACA148CBB3E000D51BE /* PoisonBtnsBack.png */ = {isa = PBXFileReference; lastKnownFileType = image.png; name = PoisonBtnsBack.png; path = Resources/img/PoisonBtnsBack.png; sourceTree = "<group>"; };
		04906ADB148D2DFB000D51BE /* GaramondPremrPro-Smbd.otf */ = {isa = PBXFileReference; lastKnownFileType = file; name = "GaramondPremrPro-Smbd.otf"; path = "Resources/GaramondPremrPro-Smbd.otf"; sourceTree = "<group>"; };
		04B24A8E143C8DA400549F8C /* MTG LifeCounter.app */ = {isa = PBXFileReference; explicitFileType = wrapper.application; includeInIndex = 0; path = "MTG LifeCounter.app"; sourceTree = BUILT_PRODUCTS_DIR; };
		04B24A92143C8DA400549F8C /* UIKit.framework */ = {isa = PBXFileReference; lastKnownFileType = wrapper.framework; name = UIKit.framework; path = System/Library/Frameworks/UIKit.framework; sourceTree = SDKROOT; };
		04B24A94143C8DA400549F8C /* Foundation.framework */ = {isa = PBXFileReference; lastKnownFileType = wrapper.framework; name = Foundation.framework; path = System/Library/Frameworks/Foundation.framework; sourceTree = SDKROOT; };
		04B24A98143C8DA400549F8C /* GLKit.framework */ = {isa = PBXFileReference; lastKnownFileType = wrapper.framework; name = GLKit.framework; path = System/Library/Frameworks/GLKit.framework; sourceTree = SDKROOT; };
		04B24A9A143C8DA400549F8C /* OpenGLES.framework */ = {isa = PBXFileReference; lastKnownFileType = wrapper.framework; name = OpenGLES.framework; path = System/Library/Frameworks/OpenGLES.framework; sourceTree = SDKROOT; };
		04B24A9E143C8DA400549F8C /* MTG LifeCounter-Info.plist */ = {isa = PBXFileReference; lastKnownFileType = text.plist.xml; path = "MTG LifeCounter-Info.plist"; sourceTree = "<group>"; };
		04B24AA0143C8DA400549F8C /* en */ = {isa = PBXFileReference; lastKnownFileType = text.plist.strings; name = en; path = en.lproj/InfoPlist.strings; sourceTree = "<group>"; };
		04B24AA2143C8DA400549F8C /* main.m */ = {isa = PBXFileReference; lastKnownFileType = sourcecode.c.objc; path = main.m; sourceTree = "<group>"; };
		04B24AA4143C8DA400549F8C /* MTG LifeCounter-Prefix.pch */ = {isa = PBXFileReference; lastKnownFileType = sourcecode.c.h; path = "MTG LifeCounter-Prefix.pch"; sourceTree = "<group>"; };
		04B24AA5143C8DA400549F8C /* AppDelegate.h */ = {isa = PBXFileReference; lastKnownFileType = sourcecode.c.h; path = AppDelegate.h; sourceTree = "<group>"; };
		04B24AA6143C8DA400549F8C /* AppDelegate.m */ = {isa = PBXFileReference; lastKnownFileType = sourcecode.c.objc; path = AppDelegate.m; sourceTree = "<group>"; };
		04B24AAE143C8DA400549F8C /* Shader.fsh */ = {isa = PBXFileReference; lastKnownFileType = sourcecode.glsl; name = Shader.fsh; path = "MTG LifeCounter/Shaders/Shader.fsh"; sourceTree = "<group>"; };
		04B24AB0143C8DA400549F8C /* Shader.vsh */ = {isa = PBXFileReference; lastKnownFileType = sourcecode.glsl; name = Shader.vsh; path = "MTG LifeCounter/Shaders/Shader.vsh"; sourceTree = "<group>"; };
		04B24AB2143C8DA400549F8C /* ViewController.h */ = {isa = PBXFileReference; lastKnownFileType = sourcecode.c.h; path = ViewController.h; sourceTree = "<group>"; };
		04B24AB3143C8DA400549F8C /* ViewController.m */ = {isa = PBXFileReference; lastKnownFileType = sourcecode.c.objc; path = ViewController.m; sourceTree = "<group>"; };
		04B24ABA143C8DA400549F8C /* MTG LifeCounterTests.octest */ = {isa = PBXFileReference; explicitFileType = wrapper.cfbundle; includeInIndex = 0; path = "MTG LifeCounterTests.octest"; sourceTree = BUILT_PRODUCTS_DIR; };
		04B24ABB143C8DA400549F8C /* SenTestingKit.framework */ = {isa = PBXFileReference; lastKnownFileType = wrapper.framework; name = SenTestingKit.framework; path = Library/Frameworks/SenTestingKit.framework; sourceTree = DEVELOPER_DIR; };
		04B24AC3143C8DA400549F8C /* MTG LifeCounterTests-Info.plist */ = {isa = PBXFileReference; lastKnownFileType = text.plist.xml; path = "MTG LifeCounterTests-Info.plist"; sourceTree = "<group>"; };
		04B24AC5143C8DA400549F8C /* en */ = {isa = PBXFileReference; lastKnownFileType = text.plist.strings; name = en; path = en.lproj/InfoPlist.strings; sourceTree = "<group>"; };
		04B24AC7143C8DA400549F8C /* MTG_LifeCounterTests.h */ = {isa = PBXFileReference; lastKnownFileType = sourcecode.c.h; path = MTG_LifeCounterTests.h; sourceTree = "<group>"; };
		04B24AC8143C8DA400549F8C /* MTG_LifeCounterTests.m */ = {isa = PBXFileReference; lastKnownFileType = sourcecode.c.objc; path = MTG_LifeCounterTests.m; sourceTree = "<group>"; };
		04B83BCF148E0C2800F0843E /* Bubble.png */ = {isa = PBXFileReference; lastKnownFileType = image.png; name = Bubble.png; path = Resources/img/Bubble.png; sourceTree = "<group>"; };
		04BE2B23148E470700A7469B /* QuartzCore.framework */ = {isa = PBXFileReference; lastKnownFileType = wrapper.framework; name = QuartzCore.framework; path = System/Library/Frameworks/QuartzCore.framework; sourceTree = SDKROOT; };
		04BE2B25148E47B600A7469B /* QuartzCore.framework */ = {isa = PBXFileReference; lastKnownFileType = wrapper.framework; name = QuartzCore.framework; path = System/Library/Frameworks/QuartzCore.framework; sourceTree = SDKROOT; };
		04BE2B27148E496A00A7469B /* CoreGraphics.framework */ = {isa = PBXFileReference; lastKnownFileType = wrapper.framework; name = CoreGraphics.framework; path = System/Library/Frameworks/CoreGraphics.framework; sourceTree = SDKROOT; };
		04BE2B2D148E527000A7469B /* ThrowDiceEngine.h */ = {isa = PBXFileReference; fileEncoding = 4; lastKnownFileType = sourcecode.c.h; path = ThrowDiceEngine.h; sourceTree = "<group>"; };
		04BE2B2E148E527000A7469B /* ThrowDiceEngine.m */ = {isa = PBXFileReference; fileEncoding = 4; lastKnownFileType = sourcecode.c.objc; path = ThrowDiceEngine.m; sourceTree = "<group>"; };
/* End PBXFileReference section */

/* Begin PBXFrameworksBuildPhase section */
		04B24A8B143C8DA400549F8C /* Frameworks */ = {
			isa = PBXFrameworksBuildPhase;
			buildActionMask = 2147483647;
			files = (
				04BE2B28148E496A00A7469B /* CoreGraphics.framework in Frameworks */,
				04B24A93143C8DA400549F8C /* UIKit.framework in Frameworks */,
				04B24A95143C8DA400549F8C /* Foundation.framework in Frameworks */,
				04B24A99143C8DA400549F8C /* GLKit.framework in Frameworks */,
				04B24A9B143C8DA400549F8C /* OpenGLES.framework in Frameworks */,
				04BE2B26148E47B600A7469B /* QuartzCore.framework in Frameworks */,
			);
			runOnlyForDeploymentPostprocessing = 0;
		};
		04B24AB6143C8DA400549F8C /* Frameworks */ = {
			isa = PBXFrameworksBuildPhase;
			buildActionMask = 2147483647;
			files = (
				04B24ABC143C8DA400549F8C /* SenTestingKit.framework in Frameworks */,
				04B24ABD143C8DA400549F8C /* UIKit.framework in Frameworks */,
				04B24ABE143C8DA400549F8C /* Foundation.framework in Frameworks */,
			);
			runOnlyForDeploymentPostprocessing = 0;
		};
/* End PBXFrameworksBuildPhase section */

/* Begin PBXGroup section */
		0432315E143CBC61007968AF /* Resources */ = {
			isa = PBXGroup;
			children = (
				04906ADB148D2DFB000D51BE /* GaramondPremrPro-Smbd.otf */,
				0432315F143CBC70007968AF /* img */,
			);
			name = Resources;
			sourceTree = "<group>";
		};
		0432315F143CBC70007968AF /* img */ = {
			isa = PBXGroup;
			children = (
				0484CF8014A3646C00C90495 /* tile_floor.png */,
				0484CF7314A25DCA00C90495 /* dice_1-64.png */,
				0484CF7014A24BBA00C90495 /* Dice_1.png */,
				04906ABA148CBB25000D51BE /* Poison */,
				04906AB5148BB2C0000D51BE /* MarbleBlue.png */,
				04B83BCF148E0C2800F0843E /* Bubble.png */,
				04906AB11487F51F000D51BE /* Btn-20.png */,
				04906AB21487F51F000D51BE /* Btn+20.png */,
				04906AAF1487F332000D51BE /* Btn20Back.png */,
				04906AA61487E6B5000D51BE /* Background.png */,
				04906AA91487EB1D000D51BE /* Field.png */,
			);
			name = img;
			sourceTree = "<group>";
		};
		0484CF8D14B3089E00C90495 /* Shaders */ = {
			isa = PBXGroup;
			children = (
				04B24AAE143C8DA400549F8C /* Shader.fsh */,
				04B24AB0143C8DA400549F8C /* Shader.vsh */,
				0484CF8A14B3086A00C90495 /* SimpleVertex.glsl */,
				0484CF8914B3086A00C90495 /* SimpleFragment.glsl */,
			);
			name = Shaders;
			sourceTree = "<group>";
		};
		0484CF8E14B3095600C90495 /* CC3Math */ = {
			isa = PBXGroup;
			children = (
				0484CF8F14B3095600C90495 /* CC3Foundation.h */,
				0484CF9014B3095600C90495 /* CC3Foundation.m */,
				0484CF9114B3095600C90495 /* CC3GLMatrix.h */,
				0484CF9214B3095600C90495 /* CC3GLMatrix.m */,
				0484CF9314B3095600C90495 /* CC3Kazmath.c */,
				0484CF9414B3095600C90495 /* CC3Kazmath.h */,
				0484CF9514B3095600C90495 /* CC3Logging.h */,
				0484CF9614B3095600C90495 /* CC3Math.h */,
				0484CF9714B3095600C90495 /* CC3Math.m */,
				0484CF9814B3095600C90495 /* ccTypes.h */,
			);
			path = CC3Math;
			sourceTree = "<group>";
		};
		04906ABA148CBB25000D51BE /* Poison */ = {
			isa = PBXGroup;
			children = (
				04906ABB148CBB3E000D51BE /* Poison_0.png */,
				04906ABC148CBB3E000D51BE /* Poison_1.png */,
				04906ABD148CBB3E000D51BE /* Poison_2.png */,
				04906ABE148CBB3E000D51BE /* Poison_3.png */,
				04906ABF148CBB3E000D51BE /* Poison_4.png */,
				04906AC0148CBB3E000D51BE /* Poison_5.png */,
				04906AC1148CBB3E000D51BE /* Poison_6.png */,
				04906AC2148CBB3E000D51BE /* Poison_7.png */,
				04906AC3148CBB3E000D51BE /* Poison_8.png */,
				04906AC4148CBB3E000D51BE /* Poison_9.png */,
				04906AC5148CBB3E000D51BE /* Poison_10.png */,
				04906AC6148CBB3E000D51BE /* PoisonBtn-.png */,
				04906AC7148CBB3E000D51BE /* PoisonBtn-A.png */,
				04906AC8148CBB3E000D51BE /* PoisonBtn+.png */,
				04906AC9148CBB3E000D51BE /* PoisonBtn+A.png */,
				04906ACA148CBB3E000D51BE /* PoisonBtnsBack.png */,
			);
			name = Poison;
			sourceTree = "<group>";
		};
		04B24A83143C8DA300549F8C = {
			isa = PBXGroup;
			children = (
				0484CF8E14B3095600C90495 /* CC3Math */,
				0484CF8D14B3089E00C90495 /* Shaders */,
				0432315E143CBC61007968AF /* Resources */,
				04B24A9C143C8DA400549F8C /* MTG LifeCounter */,
				04B24AC1143C8DA400549F8C /* MTG LifeCounterTests */,
				04B24A91143C8DA400549F8C /* Frameworks */,
				04B24A8F143C8DA400549F8C /* Products */,
			);
			sourceTree = "<group>";
		};
		04B24A8F143C8DA400549F8C /* Products */ = {
			isa = PBXGroup;
			children = (
				04B24A8E143C8DA400549F8C /* MTG LifeCounter.app */,
				04B24ABA143C8DA400549F8C /* MTG LifeCounterTests.octest */,
			);
			name = Products;
			sourceTree = "<group>";
		};
		04B24A91143C8DA400549F8C /* Frameworks */ = {
			isa = PBXGroup;
			children = (
				04BE2B27148E496A00A7469B /* CoreGraphics.framework */,
				04BE2B23148E470700A7469B /* QuartzCore.framework */,
				04B24A92143C8DA400549F8C /* UIKit.framework */,
				04B24A94143C8DA400549F8C /* Foundation.framework */,
				04B24A98143C8DA400549F8C /* GLKit.framework */,
				04B24A9A143C8DA400549F8C /* OpenGLES.framework */,
				04B24ABB143C8DA400549F8C /* SenTestingKit.framework */,
				04BE2B25148E47B600A7469B /* QuartzCore.framework */,
			);
			name = Frameworks;
			sourceTree = "<group>";
		};
		04B24A9C143C8DA400549F8C /* MTG LifeCounter */ = {
			isa = PBXGroup;
			children = (
				0484CF8614B3085400C90495 /* OpenGLView.h */,
				0484CF8714B3085400C90495 /* OpenGLView.m */,
				04906AB7148BBA73000D51BE /* ContentView.h */,
				04906AB8148BBA73000D51BE /* ContentView.m */,
				04B24AA5143C8DA400549F8C /* AppDelegate.h */,
				04B24AA6143C8DA400549F8C /* AppDelegate.m */,
				04B24AB2143C8DA400549F8C /* ViewController.h */,
				04B24AB3143C8DA400549F8C /* ViewController.m */,
				04B24A9D143C8DA400549F8C /* Supporting Files */,
				043231601443480E007968AF /* Card.h */,
				043231611443480E007968AF /* Card.m */,
				04BE2B2D148E527000A7469B /* ThrowDiceEngine.h */,
				04BE2B2E148E527000A7469B /* ThrowDiceEngine.m */,
			);
			path = "MTG LifeCounter";
			sourceTree = "<group>";
		};
		04B24A9D143C8DA400549F8C /* Supporting Files */ = {
			isa = PBXGroup;
			children = (
				04B24A9E143C8DA400549F8C /* MTG LifeCounter-Info.plist */,
				04B24A9F143C8DA400549F8C /* InfoPlist.strings */,
				04B24AA2143C8DA400549F8C /* main.m */,
				04B24AA4143C8DA400549F8C /* MTG LifeCounter-Prefix.pch */,
			);
			name = "Supporting Files";
			sourceTree = "<group>";
		};
		04B24AC1143C8DA400549F8C /* MTG LifeCounterTests */ = {
			isa = PBXGroup;
			children = (
				04B24AC7143C8DA400549F8C /* MTG_LifeCounterTests.h */,
				04B24AC8143C8DA400549F8C /* MTG_LifeCounterTests.m */,
				04B24AC2143C8DA400549F8C /* Supporting Files */,
			);
			path = "MTG LifeCounterTests";
			sourceTree = "<group>";
		};
		04B24AC2143C8DA400549F8C /* Supporting Files */ = {
			isa = PBXGroup;
			children = (
				04B24AC3143C8DA400549F8C /* MTG LifeCounterTests-Info.plist */,
				04B24AC4143C8DA400549F8C /* InfoPlist.strings */,
			);
			name = "Supporting Files";
			sourceTree = "<group>";
		};
/* End PBXGroup section */

/* Begin PBXNativeTarget section */
		04B24A8D143C8DA400549F8C /* MTG LifeCounter */ = {
			isa = PBXNativeTarget;
			buildConfigurationList = 04B24ACC143C8DA400549F8C /* Build configuration list for PBXNativeTarget "MTG LifeCounter" */;
			buildPhases = (
				04B24A8A143C8DA400549F8C /* Sources */,
				04B24A8B143C8DA400549F8C /* Frameworks */,
				04B24A8C143C8DA400549F8C /* Resources */,
			);
			buildRules = (
			);
			dependencies = (
			);
			name = "MTG LifeCounter";
			productName = "MTG LifeCounter";
			productReference = 04B24A8E143C8DA400549F8C /* MTG LifeCounter.app */;
			productType = "com.apple.product-type.application";
		};
		04B24AB9143C8DA400549F8C /* MTG LifeCounterTests */ = {
			isa = PBXNativeTarget;
			buildConfigurationList = 04B24ACF143C8DA400549F8C /* Build configuration list for PBXNativeTarget "MTG LifeCounterTests" */;
			buildPhases = (
				04B24AB5143C8DA400549F8C /* Sources */,
				04B24AB6143C8DA400549F8C /* Frameworks */,
				04B24AB7143C8DA400549F8C /* Resources */,
				04B24AB8143C8DA400549F8C /* ShellScript */,
			);
			buildRules = (
			);
			dependencies = (
				04B24AC0143C8DA400549F8C /* PBXTargetDependency */,
			);
			name = "MTG LifeCounterTests";
			productName = "MTG LifeCounterTests";
			productReference = 04B24ABA143C8DA400549F8C /* MTG LifeCounterTests.octest */;
			productType = "com.apple.product-type.bundle";
		};
/* End PBXNativeTarget section */

/* Begin PBXProject section */
		04B24A85143C8DA300549F8C /* Project object */ = {
			isa = PBXProject;
			attributes = {
				LastUpgradeCheck = 0420;
			};
			buildConfigurationList = 04B24A88143C8DA300549F8C /* Build configuration list for PBXProject "MTG LifeCounter" */;
			compatibilityVersion = "Xcode 3.2";
			developmentRegion = English;
			hasScannedForEncodings = 0;
			knownRegions = (
				en,
			);
			mainGroup = 04B24A83143C8DA300549F8C;
			productRefGroup = 04B24A8F143C8DA400549F8C /* Products */;
			projectDirPath = "";
			projectRoot = "";
			targets = (
				04B24A8D143C8DA400549F8C /* MTG LifeCounter */,
				04B24AB9143C8DA400549F8C /* MTG LifeCounterTests */,
			);
		};
/* End PBXProject section */

/* Begin PBXResourcesBuildPhase section */
		04B24A8C143C8DA400549F8C /* Resources */ = {
			isa = PBXResourcesBuildPhase;
			buildActionMask = 2147483647;
			files = (
				04B24AA1143C8DA400549F8C /* InfoPlist.strings in Resources */,
				04B24AAF143C8DA400549F8C /* Shader.fsh in Resources */,
				04B24AB1143C8DA400549F8C /* Shader.vsh in Resources */,
				04906AA71487E6B5000D51BE /* Background.png in Resources */,
				04906AAA1487EB1D000D51BE /* Field.png in Resources */,
				04906AB01487F332000D51BE /* Btn20Back.png in Resources */,
				04906AB31487F51F000D51BE /* Btn-20.png in Resources */,
				04906AB41487F51F000D51BE /* Btn+20.png in Resources */,
				04906AB6148BB2C0000D51BE /* MarbleBlue.png in Resources */,
				04906ACB148CBB3E000D51BE /* Poison_0.png in Resources */,
				04906ACC148CBB3E000D51BE /* Poison_1.png in Resources */,
				04906ACD148CBB3E000D51BE /* Poison_2.png in Resources */,
				04906ACE148CBB3E000D51BE /* Poison_3.png in Resources */,
				04906ACF148CBB3E000D51BE /* Poison_4.png in Resources */,
				04906AD0148CBB3E000D51BE /* Poison_5.png in Resources */,
				04906AD1148CBB3E000D51BE /* Poison_6.png in Resources */,
				04906AD2148CBB3E000D51BE /* Poison_7.png in Resources */,
				04906AD3148CBB3E000D51BE /* Poison_8.png in Resources */,
				04906AD4148CBB3E000D51BE /* Poison_9.png in Resources */,
				04906AD5148CBB3E000D51BE /* Poison_10.png in Resources */,
				04906AD6148CBB3E000D51BE /* PoisonBtn-.png in Resources */,
				04906AD7148CBB3E000D51BE /* PoisonBtn-A.png in Resources */,
				04906AD8148CBB3E000D51BE /* PoisonBtn+.png in Resources */,
				04906AD9148CBB3E000D51BE /* PoisonBtn+A.png in Resources */,
				04906ADA148CBB3E000D51BE /* PoisonBtnsBack.png in Resources */,
				04906ADC148D2DFB000D51BE /* GaramondPremrPro-Smbd.otf in Resources */,
				04B83BD0148E0C2800F0843E /* Bubble.png in Resources */,
				0484CF7114A24BBA00C90495 /* Dice_1.png in Resources */,
				0484CF7414A25DCA00C90495 /* dice_1-64.png in Resources */,
				0484CF8114A3646D00C90495 /* tile_floor.png in Resources */,
				0484CF8B14B3086A00C90495 /* SimpleFragment.glsl in Resources */,
				0484CF8C14B3086A00C90495 /* SimpleVertex.glsl in Resources */,
			);
			runOnlyForDeploymentPostprocessing = 0;
		};
		04B24AB7143C8DA400549F8C /* Resources */ = {
			isa = PBXResourcesBuildPhase;
			buildActionMask = 2147483647;
			files = (
				04B24AC6143C8DA400549F8C /* InfoPlist.strings in Resources */,
			);
			runOnlyForDeploymentPostprocessing = 0;
		};
/* End PBXResourcesBuildPhase section */

/* Begin PBXShellScriptBuildPhase section */
		04B24AB8143C8DA400549F8C /* ShellScript */ = {
			isa = PBXShellScriptBuildPhase;
			buildActionMask = 2147483647;
			files = (
			);
			inputPaths = (
			);
			outputPaths = (
			);
			runOnlyForDeploymentPostprocessing = 0;
			shellPath = /bin/sh;
			shellScript = "# Run the unit tests in this test bundle.\n\"${SYSTEM_DEVELOPER_DIR}/Tools/RunUnitTests\"\n";
		};
/* End PBXShellScriptBuildPhase section */

/* Begin PBXSourcesBuildPhase section */
		04B24A8A143C8DA400549F8C /* Sources */ = {
			isa = PBXSourcesBuildPhase;
			buildActionMask = 2147483647;
			files = (
				04B24AA3143C8DA400549F8C /* main.m in Sources */,
				04B24AA7143C8DA400549F8C /* AppDelegate.m in Sources */,
				04B24AB4143C8DA400549F8C /* ViewController.m in Sources */,
				043231621443480E007968AF /* Card.m in Sources */,
				04906AB9148BBA73000D51BE /* ContentView.m in Sources */,
				04BE2B2F148E527000A7469B /* ThrowDiceEngine.m in Sources */,
				0484CF8814B3085500C90495 /* OpenGLView.m in Sources */,
				0484CF9914B3095600C90495 /* CC3Foundation.m in Sources */,
				0484CF9A14B3095600C90495 /* CC3GLMatrix.m in Sources */,
				0484CF9B14B3095600C90495 /* CC3Kazmath.c in Sources */,
				0484CF9C14B3095600C90495 /* CC3Math.m in Sources */,
			);
			runOnlyForDeploymentPostprocessing = 0;
		};
		04B24AB5143C8DA400549F8C /* Sources */ = {
			isa = PBXSourcesBuildPhase;
			buildActionMask = 2147483647;
			files = (
				04B24AC9143C8DA400549F8C /* MTG_LifeCounterTests.m in Sources */,
			);
			runOnlyForDeploymentPostprocessing = 0;
		};
/* End PBXSourcesBuildPhase section */

/* Begin PBXTargetDependency section */
		04B24AC0143C8DA400549F8C /* PBXTargetDependency */ = {
			isa = PBXTargetDependency;
			target = 04B24A8D143C8DA400549F8C /* MTG LifeCounter */;
			targetProxy = 04B24ABF143C8DA400549F8C /* PBXContainerItemProxy */;
		};
/* End PBXTargetDependency section */

/* Begin PBXVariantGroup section */
		04B24A9F143C8DA400549F8C /* InfoPlist.strings */ = {
			isa = PBXVariantGroup;
			children = (
				04B24AA0143C8DA400549F8C /* en */,
			);
			name = InfoPlist.strings;
			sourceTree = "<group>";
		};
		04B24AC4143C8DA400549F8C /* InfoPlist.strings */ = {
			isa = PBXVariantGroup;
			children = (
				04B24AC5143C8DA400549F8C /* en */,
			);
			name = InfoPlist.strings;
			sourceTree = "<group>";
		};
/* End PBXVariantGroup section */

/* Begin XCBuildConfiguration section */
		04B24ACA143C8DA400549F8C /* Debug */ = {
			isa = XCBuildConfiguration;
			buildSettings = {
				ALWAYS_SEARCH_USER_PATHS = NO;
				ARCHS = "$(ARCHS_STANDARD_32_BIT)";
				CLANG_ENABLE_OBJC_ARC = YES;
				"CODE_SIGN_IDENTITY[sdk=iphoneos*]" = "iPhone Developer";
				COPY_PHASE_STRIP = NO;
				GCC_C_LANGUAGE_STANDARD = gnu99;
				GCC_DYNAMIC_NO_PIC = NO;
				GCC_OPTIMIZATION_LEVEL = 0;
				GCC_PREPROCESSOR_DEFINITIONS = (
					"DEBUG=1",
					"$(inherited)",
				);
				GCC_SYMBOLS_PRIVATE_EXTERN = NO;
				GCC_VERSION = com.apple.compilers.llvm.clang.1_0;
				GCC_WARN_ABOUT_MISSING_PROTOTYPES = YES;
				GCC_WARN_ABOUT_RETURN_TYPE = YES;
				GCC_WARN_UNUSED_VARIABLE = YES;
				IPHONEOS_DEPLOYMENT_TARGET = 5.0;
				SDKROOT = iphoneos;
				TARGETED_DEVICE_FAMILY = "1,2";
			};
			name = Debug;
		};
		04B24ACB143C8DA400549F8C /* Release */ = {
			isa = XCBuildConfiguration;
			buildSettings = {
				ALWAYS_SEARCH_USER_PATHS = NO;
				ARCHS = "$(ARCHS_STANDARD_32_BIT)";
				CLANG_ENABLE_OBJC_ARC = YES;
				"CODE_SIGN_IDENTITY[sdk=iphoneos*]" = "iPhone Developer";
				COPY_PHASE_STRIP = YES;
				GCC_C_LANGUAGE_STANDARD = gnu99;
				GCC_VERSION = com.apple.compilers.llvm.clang.1_0;
				GCC_WARN_ABOUT_MISSING_PROTOTYPES = YES;
				GCC_WARN_ABOUT_RETURN_TYPE = YES;
				GCC_WARN_UNUSED_VARIABLE = YES;
				IPHONEOS_DEPLOYMENT_TARGET = 5.0;
				OTHER_CFLAGS = "-DNS_BLOCK_ASSERTIONS=1";
				SDKROOT = iphoneos;
				TARGETED_DEVICE_FAMILY = "1,2";
				VALIDATE_PRODUCT = YES;
			};
			name = Release;
		};
		04B24ACD143C8DA400549F8C /* Debug */ = {
			isa = XCBuildConfiguration;
			buildSettings = {
				FRAMEWORK_SEARCH_PATHS = (
					"$(inherited)",
					"\"$(SRCROOT)\"",
				);
				GCC_PRECOMPILE_PREFIX_HEADER = YES;
				GCC_PREFIX_HEADER = "MTG LifeCounter/MTG LifeCounter-Prefix.pch";
				"GCC_THUMB_SUPPORT[arch=armv6]" = "";
				INFOPLIST_FILE = "MTG LifeCounter/MTG LifeCounter-Info.plist";
				IPHONEOS_DEPLOYMENT_TARGET = 3.0;
				PRODUCT_NAME = "$(TARGET_NAME)";
				SDKROOT = iphoneos;
				WRAPPER_EXTENSION = app;
			};
			name = Debug;
		};
		04B24ACE143C8DA400549F8C /* Release */ = {
			isa = XCBuildConfiguration;
			buildSettings = {
				FRAMEWORK_SEARCH_PATHS = (
					"$(inherited)",
					"\"$(SRCROOT)\"",
				);
				GCC_PRECOMPILE_PREFIX_HEADER = YES;
				GCC_PREFIX_HEADER = "MTG LifeCounter/MTG LifeCounter-Prefix.pch";
				"GCC_THUMB_SUPPORT[arch=armv6]" = "";
				INFOPLIST_FILE = "MTG LifeCounter/MTG LifeCounter-Info.plist";
				IPHONEOS_DEPLOYMENT_TARGET = 3.0;
				PRODUCT_NAME = "$(TARGET_NAME)";
				SDKROOT = iphoneos;
				WRAPPER_EXTENSION = app;
			};
			name = Release;
		};
		04B24AD0143C8DA400549F8C /* Debug */ = {
			isa = XCBuildConfiguration;
			buildSettings = {
				BUNDLE_LOADER = "$(BUILT_PRODUCTS_DIR)/MTG LifeCounter.app/MTG LifeCounter";
				FRAMEWORK_SEARCH_PATHS = (
					"$(SDKROOT)/Developer/Library/Frameworks",
					"$(DEVELOPER_LIBRARY_DIR)/Frameworks",
				);
				GCC_PRECOMPILE_PREFIX_HEADER = YES;
				GCC_PREFIX_HEADER = "MTG LifeCounter/MTG LifeCounter-Prefix.pch";
				INFOPLIST_FILE = "MTG LifeCounterTests/MTG LifeCounterTests-Info.plist";
				PRODUCT_NAME = "$(TARGET_NAME)";
				TEST_HOST = "$(BUNDLE_LOADER)";
				WRAPPER_EXTENSION = octest;
			};
			name = Debug;
		};
		04B24AD1143C8DA400549F8C /* Release */ = {
			isa = XCBuildConfiguration;
			buildSettings = {
				BUNDLE_LOADER = "$(BUILT_PRODUCTS_DIR)/MTG LifeCounter.app/MTG LifeCounter";
				FRAMEWORK_SEARCH_PATHS = (
					"$(SDKROOT)/Developer/Library/Frameworks",
					"$(DEVELOPER_LIBRARY_DIR)/Frameworks",
				);
				GCC_PRECOMPILE_PREFIX_HEADER = YES;
				GCC_PREFIX_HEADER = "MTG LifeCounter/MTG LifeCounter-Prefix.pch";
				INFOPLIST_FILE = "MTG LifeCounterTests/MTG LifeCounterTests-Info.plist";
				PRODUCT_NAME = "$(TARGET_NAME)";
				TEST_HOST = "$(BUNDLE_LOADER)";
				WRAPPER_EXTENSION = octest;
			};
			name = Release;
		};
/* End XCBuildConfiguration section */

/* Begin XCConfigurationList section */
		04B24A88143C8DA300549F8C /* Build configuration list for PBXProject "MTG LifeCounter" */ = {
			isa = XCConfigurationList;
			buildConfigurations = (
				04B24ACA143C8DA400549F8C /* Debug */,
				04B24ACB143C8DA400549F8C /* Release */,
			);
			defaultConfigurationIsVisible = 0;
			defaultConfigurationName = Release;
		};
		04B24ACC143C8DA400549F8C /* Build configuration list for PBXNativeTarget "MTG LifeCounter" */ = {
			isa = XCConfigurationList;
			buildConfigurations = (
				04B24ACD143C8DA400549F8C /* Debug */,
				04B24ACE143C8DA400549F8C /* Release */,
			);
			defaultConfigurationIsVisible = 0;
			defaultConfigurationName = Release;
		};
		04B24ACF143C8DA400549F8C /* Build configuration list for PBXNativeTarget "MTG LifeCounterTests" */ = {
			isa = XCConfigurationList;
			buildConfigurations = (
				04B24AD0143C8DA400549F8C /* Debug */,
				04B24AD1143C8DA400549F8C /* Release */,
			);
			defaultConfigurationIsVisible = 0;
			defaultConfigurationName = Release;
		};
/* End XCConfigurationList section */
	};
	rootObject = 04B24A85143C8DA300549F8C /* Project object */;
}
